
Microsoft Visual Studio Solution File, Format Version 12.00
# Visual Studio Version 17
VisualStudioVersion = 17.6.33815.320
MinimumVisualStudioVersion = 10.0.40219.1
Project("{FAE04EC0-301F-11D3-BF4B-00C04F79EFBC}") = "ConAppFileDirectoryHandlingEx", "ConAppFileDirectoryHandlingEx\ConAppFileDirectoryHandlingEx.csproj", "{C40105BD-390C-4BCA-9EE7-AD5C47B74A3B}"
EndProject
Global
	GlobalSection(SolutionConfigurationPlatforms) = preSolution
		Debug|Any CPU = Debug|Any CPU
		Release|Any CPU = Release|Any CPU
	EndGlobalSection
	GlobalSection(ProjectConfigurationPlatforms) = postSolution
		{C40105BD-390C-4BCA-9EE7-AD5C47B74A3B}.Debug|Any CPU.ActiveCfg = Debug|Any CPU
		{C40105BD-390C-4BCA-9EE7-AD5C47B74A3B}.Debug|Any CPU.Build.0 = Debug|Any CPU
		{C40105BD-390C-4BCA-9EE7-AD5C47B74A3B}.Release|Any CPU.ActiveCfg = Release|Any CPU
		{C40105BD-390C-4BCA-9EE7-AD5C47B74A3B}.Release|Any CPU.Build.0 = Release|Any CPU
	EndGlobalSection
	GlobalSection(SolutionProperties) = preSolution
		HideSolutionNode = FALSE
	EndGlobalSection
	GlobalSection(ExtensibilityGlobals) = postSolution
		SolutionGuid = {A91541EA-3F07-4D8F-9AB2-9807469E9AB2}
	EndGlobalSection
EndGlobal
